# This file is generated by running "berry install" inside your project.
# Manual changes might be lost - proceed with caution!

__metadata:
  version: 3

"@kracksats/lambda-buyer@workspace:.":
  version: 0.0.0-use.local
  resolution: "@kracksats/lambda-buyer@workspace:."
  dependencies:
    aws-sdk: "npm:^2.484.0"
    kraken-api: "npm:^1.0.0"
    mailparser: "npm:^2.7.1"
    nodemailer: "npm:^6.2.1"
    ramda: "npm:^0.26.1"
  languageName: unknown
  linkType: soft

"aws-sdk@npm:^2.484.0":
  version: 2.484.0
  resolution: "aws-sdk@npm:2.484.0"
  dependencies:
    buffer: "npm:4.9.1"
    events: "npm:1.1.1"
    ieee754: "npm:1.1.8"
    jmespath: "npm:0.15.0"
    querystring: "npm:0.2.0"
    sax: "npm:1.2.1"
    url: "npm:0.10.3"
    uuid: "npm:3.3.2"
    xml2js: "npm:0.4.19"
  checksum: 6aa809e7c77f59d5dc573abeaa47cb15a72c17a5aecb4b2ef910a5a2f49e391986acc5d430f48152ee60ee713d4741ca37e4a272efe490e215b1a9400d0fc1ad
  languageName: node
  linkType: hard

"base64-js@npm:^1.0.2":
  version: 1.3.0
  resolution: "base64-js@npm:1.3.0"
  checksum: 7111dfee73716a860b109ee59473818045f683ca28ac2f0c3b6377f4f192b989db16ab6f6f2222b027adbccfd71329bc8aa2bb198fd67a2ff281c4bda643bb94
  languageName: node
  linkType: hard

"buffer@npm:4.9.1":
  version: 4.9.1
  resolution: "buffer@npm:4.9.1"
  dependencies:
    base64-js: "npm:^1.0.2"
    ieee754: "npm:^1.1.4"
    isarray: "npm:^1.0.0"
  checksum: fb4ec4acc7c68a54673ffc3c7292ad827310ea90bc58a437dbcf5baa969ef0082e0b04b5b74fef5dd1d7ced43c39ef6cef9a38cbcff1bd755a7d33184d6f3bb8
  languageName: node
  linkType: hard

"decompress-response@npm:^3.2.0":
  version: 3.3.0
  resolution: "decompress-response@npm:3.3.0"
  dependencies:
    mimic-response: "npm:^1.0.0"
  checksum: eed03fd4cf7a3aec93c5d35a9cc63cc12f567924497ec2b4a6d35a3965a85e63d3dd322cb730e4f8635d85a2a8120834362512d28c736a2129c3dc644b6e659a
  languageName: node
  linkType: hard

"dom-serializer@npm:0":
  version: 0.1.1
  resolution: "dom-serializer@npm:0.1.1"
  dependencies:
    domelementtype: "npm:^1.3.0"
    entities: "npm:^1.1.1"
  checksum: 4b6598ec93f24339d1d3029c2edb6a386bad9569a5fed15bfc202c056759befc83b9602b7005cab362b3904108667a93528f57269d18a578ff20070b264367b2
  languageName: node
  linkType: hard

"domelementtype@npm:1, domelementtype@npm:^1.3.0, domelementtype@npm:^1.3.1":
  version: 1.3.1
  resolution: "domelementtype@npm:1.3.1"
  checksum: 95096d59c6af260b51d199ef82fccf1843aa7247ecdeaddeccb7d6e16b6fca1501ccca8801a3e877a6cf05074f990cef769c33035b7b51dd7844fb5ab1096479
  languageName: node
  linkType: hard

"domhandler@npm:^2.3.0":
  version: 2.4.2
  resolution: "domhandler@npm:2.4.2"
  dependencies:
    domelementtype: "npm:1"
  checksum: 6ab6f39b0cfa3946989a559e003bbe7768bec2ada58bb2ff6c866df215e63396993300ba7b3f24d9565312d7775d82962a4bb77b6c269f43e714bc18e6ad6af8
  languageName: node
  linkType: hard

"domutils@npm:^1.5.1":
  version: 1.7.0
  resolution: "domutils@npm:1.7.0"
  dependencies:
    dom-serializer: "npm:0"
    domelementtype: "npm:1"
  checksum: 8128c4eb638bd1022cce9f5db955eafa014df2b063c4d953fb3423017906475292d7b3ee683b21c2ed91c81d7e801f77fd88ebc12bca342891418c3e288ad613
  languageName: node
  linkType: hard

"duplexer3@npm:^0.1.4":
  version: 0.1.4
  resolution: "duplexer3@npm:0.1.4"
  checksum: 7809d6da070b27993ee9e6e28a5435bb9b270e95ad4d67787fe892d62fe2e7d9f1718eb3970071723d1383f1b9274d39e947eb073f94015b29e6a097c9be63c4
  languageName: node
  linkType: hard

"entities@npm:^1.1.1":
  version: 1.1.2
  resolution: "entities@npm:1.1.2"
  checksum: 06ce16c6a437476c1bae4540ef6566d69acd9f8077287c94b5907fac5574ce6b411b5d30ade645d2b93aff0ebc9d6a90f2363d09430f621bbf11cb02299d56f5
  languageName: node
  linkType: hard

"events@npm:1.1.1":
  version: 1.1.1
  resolution: "events@npm:1.1.1"
  checksum: aec020066dbec8435243383741664e963fc5dad125ad75c012b25d513a2775459f8f5be0b9a47f2f6877561beaaa9cad97a2560c296db6ee94e82a36ebe1a363
  languageName: node
  linkType: hard

"get-stream@npm:^3.0.0":
  version: 3.0.0
  resolution: "get-stream@npm:3.0.0"
  checksum: c04801831092dc528fe90930c9812d2ceac481791b0cf5c118c653cb9f17e9b176c770bebc17ae596662a2d04d98d3bc90a714424f122b7d99c3afa3eae39f9f
  languageName: node
  linkType: hard

"got@npm:^7.1.0":
  version: 7.1.0
  resolution: "got@npm:7.1.0"
  dependencies:
    decompress-response: "npm:^3.2.0"
    duplexer3: "npm:^0.1.4"
    get-stream: "npm:^3.0.0"
    is-plain-obj: "npm:^1.1.0"
    is-retry-allowed: "npm:^1.0.0"
    is-stream: "npm:^1.0.0"
    isurl: "npm:^1.0.0-alpha5"
    lowercase-keys: "npm:^1.0.0"
    p-cancelable: "npm:^0.3.0"
    p-timeout: "npm:^1.1.1"
    safe-buffer: "npm:^5.0.1"
    timed-out: "npm:^4.0.0"
    url-parse-lax: "npm:^1.0.0"
    url-to-options: "npm:^1.0.1"
  checksum: 727674edced557f6808a721037ff64ca07c56f9045f844ed1f7c3102662982a9793649795be11c1312e47c0fd6134f13edc88e06d175f3367e8bd79a5d1d6c95
  languageName: node
  linkType: hard

"has-symbol-support-x@npm:^1.4.1":
  version: 1.4.2
  resolution: "has-symbol-support-x@npm:1.4.2"
  checksum: 98a8f60c95b1d50f04cdf2789bab5363c8a4399c39685e677dac81cf6c1728986eea05de854fdc90e6d839a70e84b083e78d3ae884453f1231bc9719482b0e57
  languageName: node
  linkType: hard

"has-to-string-tag-x@npm:^1.2.0":
  version: 1.4.1
  resolution: "has-to-string-tag-x@npm:1.4.1"
  dependencies:
    has-symbol-support-x: "npm:^1.4.1"
  checksum: ac2c756ca8094a535dbd6c3e4b8024ebe67e34d59398365dd2fc774bb48da24b6ebae300a3fc997b3e05f1fc2667179f5e85d1c3b620e49ad1874832f7d68871
  languageName: node
  linkType: hard

"he@npm:1.2.0, he@npm:^1.2.0":
  version: 1.2.0
  resolution: "he@npm:1.2.0"
  bin:
    he: bin/he
  checksum: 26584e78f0c72f355babf93ca25efdd1c14d7b618ea70ec7f7455066bc059456baa7ed07cfe0b8f32c34c8d625a0bb1a50acbae04b9c6010bb51573ebe91ed49
  languageName: node
  linkType: hard

"html-to-text@npm:5.1.1":
  version: 5.1.1
  resolution: "html-to-text@npm:5.1.1"
  dependencies:
    he: "npm:^1.2.0"
    htmlparser2: "npm:^3.10.1"
    lodash: "npm:^4.17.11"
    minimist: "npm:^1.2.0"
  bin:
    html-to-text: ./bin/cli.js
  checksum: c8e15c7ce86ecfb0256e8819c6eb7a1625227b463cd91549be26acb019658b4f4782a883c7456d73c92ba5d70c6bd97a7a00d9e407fae6fbf8c03d718817f9e9
  languageName: node
  linkType: hard

"htmlparser2@npm:^3.10.1":
  version: 3.10.1
  resolution: "htmlparser2@npm:3.10.1"
  dependencies:
    domelementtype: "npm:^1.3.1"
    domhandler: "npm:^2.3.0"
    domutils: "npm:^1.5.1"
    entities: "npm:^1.1.1"
    inherits: "npm:^2.0.1"
    readable-stream: "npm:^3.1.1"
  checksum: e47570b55967453f1bee2ba7116ee0022e256e20c22747057db1ead52de06283f85d77a2f2cd6bccab97c23414a99be885808bc37c26a24e1dc6ad01a75ae9d7
  languageName: node
  linkType: hard

"iconv-lite@npm:0.4.24":
  version: 0.4.24
  resolution: "iconv-lite@npm:0.4.24"
  dependencies:
    safer-buffer: "npm:>= 2.1.2 < 3"
  checksum: 1bf531252c705d8ef19428bc446f863cd7f2ccde9495a9bb8cd792170cd4894aa72a63ecaccd80333a3d07a01172b55153aa60b1c12c22a56a691ddf2c553038
  languageName: node
  linkType: hard

"ieee754@npm:1.1.8, ieee754@npm:^1.1.4":
  version: 1.1.8
  resolution: "ieee754@npm:1.1.8"
  checksum: cc930ac9982bdc488c2a20af3edc484613a240f353b0221a21296f18672067f66d472c204a1553a40c7db8fe2375b2fdd79d90f7cbc1132e5d376e0ba63d6aa5
  languageName: node
  linkType: hard

"inherits@npm:^2.0.1, inherits@npm:^2.0.3":
  version: 2.0.4
  resolution: "inherits@npm:2.0.4"
  checksum: 9457df90848da63d30a0373aac4053a397317bf1a12fa0156670f2960b335651fc54037431f8e0c9c435c76b6b9e802d62b74ec702a0e2d340d6cf547677d9db
  languageName: node
  linkType: hard

"is-object@npm:^1.0.1":
  version: 1.0.1
  resolution: "is-object@npm:1.0.1"
  checksum: 5981879e93a2c12e6b4c3ed96bcfeacb6651bfd1fa2e31478195279c90bb91ceca0d91cb909ff3a7357c9046305ea2385d1ccd2eda98c2488e420e095791b558
  languageName: node
  linkType: hard

"is-plain-obj@npm:^1.1.0":
  version: 1.1.0
  resolution: "is-plain-obj@npm:1.1.0"
  checksum: f491e016c40bc50d5b20d0bbce42abb46c3ff18c3f176e454adcc084fa576fab44f8c498afa525b571facbb9a4bcd63a0c492f3207b6aa45138b73b9407cb6ab
  languageName: node
  linkType: hard

"is-retry-allowed@npm:^1.0.0":
  version: 1.1.0
  resolution: "is-retry-allowed@npm:1.1.0"
  checksum: 9404e48906787f52ee4da93c88cec59140c71d94ab63186824a71085912698575d8bd93508aacbb994b0c9e8af1219bd9aae4f39f7b257a00bb376c1c07d1917
  languageName: node
  linkType: hard

"is-stream@npm:^1.0.0":
  version: 1.1.0
  resolution: "is-stream@npm:1.1.0"
  checksum: c7c489de877bb190b05aa5b7726897d584ed7c78d68fe385de20ec83eab577edc3b9e8796938d3ab188ffef6c816b83dc2a3f2490ff1d345c160c1697b043ca1
  languageName: node
  linkType: hard

"isarray@npm:^1.0.0":
  version: 1.0.0
  resolution: "isarray@npm:1.0.0"
  checksum: e3a216f30e742c495955ccaa567b9f04f392ba7c9674a62dbc3792c6b4103441bcb67daa35cb27f550ec38114854c3813330362136e98053d7414f17f91165ce
  languageName: node
  linkType: hard

"isurl@npm:^1.0.0-alpha5":
  version: 1.0.0
  resolution: "isurl@npm:1.0.0"
  dependencies:
    has-to-string-tag-x: "npm:^1.2.0"
    is-object: "npm:^1.0.1"
  checksum: e1c056c7fdf1db2bea98fcff6427c83768dfabcac3ce9e02c5e6412f1cd52b28e0a42fd88f8166b0d520a9ae29905fc13c08da9a153c36a1a081713e0608678f
  languageName: node
  linkType: hard

"jmespath@npm:0.15.0":
  version: 0.15.0
  resolution: "jmespath@npm:0.15.0"
  checksum: 2364068882acaed6a8a949d8bac382b454501d46c1fd83e100fa487f6f7e073c66700e09b2b79b4d491135de6ff2be3f5fb7ded7d2dd61f671ddd6838b5d318a
  languageName: node
  linkType: hard

"kraken-api@npm:^1.0.0":
  version: 1.0.0
  resolution: "kraken-api@npm:1.0.0"
  dependencies:
    got: "npm:^7.1.0"
    qs: "npm:>=6.4.0"
  checksum: cd90626f397a4becf1aa417af88a184ca268d709bd4dc9b0a55ff2df40b7663b568559e028b29a979108b0517e5774f1e082f70094cca02fef266ebf8b305b96
  languageName: node
  linkType: hard

"libbase64@npm:1.0.3":
  version: 1.0.3
  resolution: "libbase64@npm:1.0.3"
  checksum: 705db4e3d97ce8609751d9b9e63b6074d1b46bce96da22d3d9336dd5ee34da3e965e33db11722301c493a393255582805dc43082ed344877154b4ee17a1f775d
  languageName: node
  linkType: hard

"libmime@npm:4.1.1":
  version: 4.1.1
  resolution: "libmime@npm:4.1.1"
  dependencies:
    iconv-lite: "npm:0.4.24"
    libbase64: "npm:1.0.3"
    libqp: "npm:1.1.0"
  checksum: 80f5fa4f8a2313ec05c1cd3fa69615acbb81f7e618e29cb1f961eca38046553758e545aa97b0790b014f659d9cb017a75d8a67809e87552f9300bfeee1f2632e
  languageName: node
  linkType: hard

"libqp@npm:1.1.0":
  version: 1.1.0
  resolution: "libqp@npm:1.1.0"
  checksum: c9450d60f817ee3a677746ee52edc313cb615a553611b99a0748e22c2069ca35db9bcc7405ff678508d6a419af9630e7eaf02a2c941eb6dc36dc59aeca29363f
  languageName: node
  linkType: hard

"linkify-it@npm:2.1.0":
  version: 2.1.0
  resolution: "linkify-it@npm:2.1.0"
  dependencies:
    uc.micro: "npm:^1.0.1"
  checksum: adf975eed6ce2398a83292a6524723ad941cff606005230dc08d1681aa03ee34a2f615b8ff1a2292df625ae53f880509c4731007c8a559c26a5f5f03786157ab
  languageName: node
  linkType: hard

"lodash@npm:^4.17.11":
  version: 4.17.11
  resolution: "lodash@npm:4.17.11"
  checksum: 89cf6aa354d9ef04a7a77d406374c476e3508d11f98137484b00c072f9a25ba7dd29a918ce85c59afded55090d3d80a5fd92cd8d2a004cae6f3138d70c4d84f0
  languageName: node
  linkType: hard

"lowercase-keys@npm:^1.0.0":
  version: 1.0.1
  resolution: "lowercase-keys@npm:1.0.1"
  checksum: 29b7ce5640c2de5cf194763ef0cf159bef9ba4d35fc934aa1fd8e86626f920e6b0fb3762722a5c95f406edcdaa4866c69b76196765a5fbb0ce2a237a5c2a892f
  languageName: node
  linkType: hard

"mailparser@npm:^2.7.1":
  version: 2.7.1
  resolution: "mailparser@npm:2.7.1"
  dependencies:
    he: "npm:1.2.0"
    html-to-text: "npm:5.1.1"
    iconv-lite: "npm:0.4.24"
    libmime: "npm:4.1.1"
    linkify-it: "npm:2.1.0"
    mailsplit: "npm:4.4.1"
    nodemailer: "npm:6.1.1"
    tlds: "npm:1.203.1"
  checksum: 739848d1f6c4b16fc2254a4b73aee85596b47664412009c144c4fec4f198a532cf695464d1c4aabeb606c55ca1e6b4eeafe04b7cd3ce9aad41800ae4fe6cea82
  languageName: node
  linkType: hard

"mailsplit@npm:4.4.1":
  version: 4.4.1
  resolution: "mailsplit@npm:4.4.1"
  dependencies:
    libbase64: "npm:1.0.3"
    libmime: "npm:4.1.1"
    libqp: "npm:1.1.0"
  checksum: 932b686c790c1e9302d077e8187eb1a493ab4bd27bd731845ee0fc44ea66b8863b800aa99aae6c44a7538362f3b2dd83eb12594b49443eb9e08d38a4d66d7838
  languageName: node
  linkType: hard

"mimic-response@npm:^1.0.0":
  version: 1.0.1
  resolution: "mimic-response@npm:1.0.1"
  checksum: f7c9778ac1185629cee9a67fa1bff2d17e9b6b7b5595322d90235a8e5be5e69446f038b4ad003b4981569b2b21f78b2e0d82e5528c5991042dd97435ae08fad1
  languageName: node
  linkType: hard

"minimist@npm:^1.2.0":
  version: 1.2.0
  resolution: "minimist@npm:1.2.0"
  checksum: 5486abd5e7c3dca42a6edf68133968d964feac83f1498b3915a198dc47f0e12f73818425ffeeea3708f5a9d4cf176449481139ff39416a644d6c3fb134b1dc89
  languageName: node
  linkType: hard

"nodemailer@npm:6.1.1":
  version: 6.1.1
  resolution: "nodemailer@npm:6.1.1"
  checksum: 940d65795ee94546fed7146f4536a3c79319765f1747ef1dc66fdeee37590a86bb594ebde1ccca744f74caddc935313cc3016e572893192a5b260bd3df4c9140
  languageName: node
  linkType: hard

"nodemailer@npm:^6.2.1":
  version: 6.2.1
  resolution: "nodemailer@npm:6.2.1"
  checksum: 403aa87bd3333e92f24511ef9cfe5789bc51c572b359d8ce944bfa4ec0c3d61717cce142ff92b0cc07a5cc3010dc9484f572952bdd6f2a3900c0b2ac207d4b04
  languageName: node
  linkType: hard

"p-cancelable@npm:^0.3.0":
  version: 0.3.0
  resolution: "p-cancelable@npm:0.3.0"
  checksum: 5d4b98c1a13066fbb2531e5db8e2d12f41a205b6f17c71140454c16ab32be4b62d96fdb50e747b4658299dc7a09da3cface7e2c03377b60e9cda905e4b3376f3
  languageName: node
  linkType: hard

"p-finally@npm:^1.0.0":
  version: 1.0.0
  resolution: "p-finally@npm:1.0.0"
  checksum: 2c7829b734475db7d12819ce0547a54c347b980c1c3620d1b9fafe1aa0834a950afca651d1862e9455ea19cfcd2d680ff83e57c2c4dc62471ef85f2c214f4005
  languageName: node
  linkType: hard

"p-timeout@npm:^1.1.1":
  version: 1.2.1
  resolution: "p-timeout@npm:1.2.1"
  dependencies:
    p-finally: "npm:^1.0.0"
  checksum: f8c416684b4108fc040c8fa70d20b8589af2dab3450d7e8b441641ab41f740baefa6ddf99bc68a6f321f5c837a6f2c6ad2eb942402f9414169d102d676bfac41
  languageName: node
  linkType: hard

"prepend-http@npm:^1.0.1":
  version: 1.0.4
  resolution: "prepend-http@npm:1.0.4"
  checksum: c56ea8306e46e1bd03cb3211b2e04cfc63afefe0f16c401d8825db444eb3c75e072feb29492e1ee1a74c055948ac69cf47e4dcbe4b52f689f7bc5e76742310a7
  languageName: node
  linkType: hard

"punycode@npm:1.3.2":
  version: 1.3.2
  resolution: "punycode@npm:1.3.2"
  checksum: 4e886c1bb2599a763577fb3a786ed5394a9f84aedfdecee0f151d218130210f8efb774e595e7a76a48c806e219d28b7726b54940ea28d3cb49a1b84971846501
  languageName: node
  linkType: hard

"qs@npm:>=6.4.0":
  version: 6.7.0
  resolution: "qs@npm:6.7.0"
  checksum: e1445369e65de32a1ff67ca9d6961aefe13484e83e87da52a21677255fcd3e4dc47c60e4aebda4ef8f68358d64095be6d1dbd3689a74cdc0c4011929feed9b47
  languageName: node
  linkType: hard

"querystring@npm:0.2.0":
  version: 0.2.0
  resolution: "querystring@npm:0.2.0"
  checksum: 223dfabb678a8bd4885bde9b549921205d527cfcbe4573e970d085748daba0a354dcc6665620277b6f2364d1e3fd0734fb97445867f76dc23ee9f7138cfbecc5
  languageName: node
  linkType: hard

"ramda@npm:^0.26.1":
  version: 0.26.1
  resolution: "ramda@npm:0.26.1"
  checksum: 0dd521b815dbdcd0662a1b3584c10b342b8b0e588c1657c0ab930d66f02e94abdd95f18cf5c5fd68e7a9b76fa65fcbec7ecda2abc80c4239d4b362f1b9f9f57a
  languageName: node
  linkType: hard

"readable-stream@npm:^3.1.1":
  version: 3.4.0
  resolution: "readable-stream@npm:3.4.0"
  dependencies:
    inherits: "npm:^2.0.3"
    string_decoder: "npm:^1.1.1"
    util-deprecate: "npm:^1.0.1"
  checksum: bd4c345f505e5e3b1945142ade9c8c8bb0ba71d569408718f4c0d74418fec889f3fc62f9d22869312dca787ea66933746a1b31401369f9732d26b0f6fe587ade
  languageName: node
  linkType: hard

"safe-buffer@npm:^5.0.1, safe-buffer@npm:~5.1.0":
  version: 5.1.2
  resolution: "safe-buffer@npm:5.1.2"
  checksum: 4497478364fdba2a0d9874deccd7afee3f05f7a53292eb0926b0c2f606deedf1f166f249699f8398609ad704c0c8853b534f8f046ab8735e31eef9adb4f466a6
  languageName: node
  linkType: hard

"safer-buffer@npm:>= 2.1.2 < 3":
  version: 2.1.2
  resolution: "safer-buffer@npm:2.1.2"
  checksum: a2a99c95c042a28c47e520238b03f58d13f2d5eaec3e46e2cf250c25e9436fa7b8298fdf5afa27d0481d6a061d213d4b42aa438731988fb038c375ec59a47e2a
  languageName: node
  linkType: hard

"sax@npm:1.2.1, sax@npm:>=0.6.0":
  version: 1.2.1
  resolution: "sax@npm:1.2.1"
  checksum: cafd5cd00a74ff7813e18ee4807a7f4cd38d344d6df2d0ce3f082e142a8b16ed5f668ae261658cce1303d7342e1bd01356b1124e9bdec08e9de0e1823544654d
  languageName: node
  linkType: hard

"string_decoder@npm:^1.1.1":
  version: 1.2.0
  resolution: "string_decoder@npm:1.2.0"
  dependencies:
    safe-buffer: "npm:~5.1.0"
  checksum: 3a614127b27f41a186fb22e95d07fc0bbc89fe2a1089b17fc4ea4964083b4cc8df30d1c98d7f1b6491cdaccd9fa50331e84a1f0ea183f3dba4f039cf39a19efb
  languageName: node
  linkType: hard

"timed-out@npm:^4.0.0":
  version: 4.0.1
  resolution: "timed-out@npm:4.0.1"
  checksum: 182679a0ebf88c89f7aed96552c44208c568caa70f3745a154b881af10583d3248173a16101a364acae219148c4bb25d2a8654e95204d75464b014cc50f2257c
  languageName: node
  linkType: hard

"tlds@npm:1.203.1":
  version: 1.203.1
  resolution: "tlds@npm:1.203.1"
  bin:
    tlds: bin.js
  checksum: bfaf60f2914e98de7ff20640fea7f5e367d8ae2bd0bcf4a45b90070c393fd6a0248bf8cbd23cbb496cf895dafec02ea42a21165e8e5c5095b1e1c71525a7bb3c
  languageName: node
  linkType: hard

"uc.micro@npm:^1.0.1":
  version: 1.0.6
  resolution: "uc.micro@npm:1.0.6"
  checksum: 9cb309e7af28f55c1906b1e820a6588203298738c0c5fa98c0816ca6fcbb954a630fb2dd1a637b8d2d009a4b5e7e68ace9bf42615bf2a9a19e8f1d12e1acfaac
  languageName: node
  linkType: hard

"url-parse-lax@npm:^1.0.0":
  version: 1.0.0
  resolution: "url-parse-lax@npm:1.0.0"
  dependencies:
    prepend-http: "npm:^1.0.1"
  checksum: b59d51582039376aa0f80a23b70d66b054af2bb54f48d439a92b9f28028970524a02aea28439a346541765d06bbc04e075f68c62960d81c1bf3df29d20fd87e8
  languageName: node
  linkType: hard

"url-to-options@npm:^1.0.1":
  version: 1.0.1
  resolution: "url-to-options@npm:1.0.1"
  checksum: 178901567690d6d1b1b5742396f6bb62ddbb0a1059829b6453e9a6d9c5ebf6dbf301674922846110b4c07a81beace8374eaaa651e6266f21ebf720366391f791
  languageName: node
  linkType: hard

"url@npm:0.10.3":
  version: 0.10.3
  resolution: "url@npm:0.10.3"
  dependencies:
    punycode: "npm:1.3.2"
    querystring: "npm:0.2.0"
  checksum: 88f7c2772c6faf9609ba22a79a5443c576429a0dcbd66f9d3a1527499407fc3541a5852afdc8ffa9de9ab4238487a3eeec4523cf0b027a879d913eaa93dcbac6
  languageName: node
  linkType: hard

"util-deprecate@npm:^1.0.1":
  version: 1.0.2
  resolution: "util-deprecate@npm:1.0.2"
  checksum: d2b75eadb7a74b5b5a4d7b715d30b7c4ede2642b31c26c8ed043b14880f3749dc347a147da9f419ec162625ba9164c53c8c6bdc6cd0ddbc3975c6860c64f1b1b
  languageName: node
  linkType: hard

"uuid@npm:3.3.2":
  version: 3.3.2
  resolution: "uuid@npm:3.3.2"
  bin:
    uuid: ./bin/uuid
  checksum: 5403d325c95f124506fb2fb31be566b8ee0eb94eef2d5620dd47bf5532b7cc2c5d90c7725bff98b18d971efe75fe994ac401dcfde713d1cfc8c6c6b6db30d084
  languageName: node
  linkType: hard

"xml2js@npm:0.4.19":
  version: 0.4.19
  resolution: "xml2js@npm:0.4.19"
  dependencies:
    sax: "npm:>=0.6.0"
    xmlbuilder: "npm:~9.0.1"
  checksum: fd8f90a493acc1858988923e15b2de3a23e8a2759d3f267cc5792030978eb6bf759042772ded1704d1d02f7ea9d22a7e24339f14c5e145b89ab6bea509ca271c
  languageName: node
  linkType: hard

"xmlbuilder@npm:~9.0.1":
  version: 9.0.7
  resolution: "xmlbuilder@npm:9.0.7"
  checksum: 0aca403ab47656e349954de89988373228fd2bcf3db786548a5bbd174198fcdf7fe2adc836a1770efc998263177ecfefd532ae3d14d3a1b95cd724b2f4fc0ea2
  languageName: node
  linkType: hard
